
Microsoft Visual Studio Solution File, Format Version 12.00
# Visual Studio Version 17
VisualStudioVersion = 17.14.36203.30
MinimumVisualStudioVersion = 10.0.40219.1
Project("{2150E333-8FDC-42A3-9474-1A3956D46DE8}") = "Services", "Services", "{02EA681E-C7D8-13C7-8484-4AC65E1B71E8}"
EndProject
Project("{2150E333-8FDC-42A3-9474-1A3956D46DE8}") = "Catalog", "Catalog", "{FC54AD41-0C13-49F1-846E-47DDC6693AB2}"
EndProject
Project("{FAE04EC0-301F-11D3-BF4B-00C04F79EFBC}") = "FreeCourse.Services.Catalog", "Services\Catalog\FreeCourse.Services.Catalog\FreeCourse.Services.Catalog.csproj", "{64BE8C78-940D-4E62-9E25-C4FB3B5EDBE9}"
EndProject
Project("{2150E333-8FDC-42A3-9474-1A3956D46DE8}") = "Solution Items", "Solution Items", "{8EC462FD-D22E-90A8-E5CE-7E832BA40C5D}"
	ProjectSection(SolutionItems) = preProject
		Port.txt = Port.txt
	EndProjectSection
EndProject
Project("{2150E333-8FDC-42A3-9474-1A3956D46DE8}") = "Shared", "Shared", "{0B184482-2056-4C3C-AF6A-5E95CCA09B8C}"
EndProject
Project("{FAE04EC0-301F-11D3-BF4B-00C04F79EFBC}") = "FreeCourse.Shared", "Shared\FreeCourse.Shared\FreeCourse.Shared.csproj", "{1F37C609-2896-4312-9257-07C1D42A39AE}"
EndProject
Project("{2150E333-8FDC-42A3-9474-1A3956D46DE8}") = "Dtos", "Dtos", "{87718B60-B6AC-4C14-A69F-43434DF07075}"
EndProject
Project("{2150E333-8FDC-42A3-9474-1A3956D46DE8}") = "IdentityServer", "IdentityServer", "{93B47610-54E0-4372-BCE7-6FA8CD5A001C}"
EndProject
Project("{FAE04EC0-301F-11D3-BF4B-00C04F79EFBC}") = "FreeCourse.Services.Identity", "IdentityServer\FreeCourse.Services.Identity\FreeCourse.Services.Identity.csproj", "{07747FFD-A924-F4F7-7BE8-C8AEDCE1CAB3}"
EndProject
Project("{2150E333-8FDC-42A3-9474-1A3956D46DE8}") = "PhotoStock", "PhotoStock", "{0E46B1AC-8EBC-40D5-AAF8-98C5953CEBBA}"
EndProject
Project("{FAE04EC0-301F-11D3-BF4B-00C04F79EFBC}") = "FreeCourse.Services.PhotoStock", "Services\PhotoStock\FreeCourse.Services.PhotoStock\FreeCourse.Services.PhotoStock.csproj", "{CC69C53F-CF18-4F28-8A09-1DF523AB3A46}"
EndProject
Global
	GlobalSection(SolutionConfigurationPlatforms) = preSolution
		Debug|Any CPU = Debug|Any CPU
		Release|Any CPU = Release|Any CPU
	EndGlobalSection
	GlobalSection(ProjectConfigurationPlatforms) = postSolution
		{64BE8C78-940D-4E62-9E25-C4FB3B5EDBE9}.Debug|Any CPU.ActiveCfg = Debug|Any CPU
		{64BE8C78-940D-4E62-9E25-C4FB3B5EDBE9}.Debug|Any CPU.Build.0 = Debug|Any CPU
		{64BE8C78-940D-4E62-9E25-C4FB3B5EDBE9}.Release|Any CPU.ActiveCfg = Release|Any CPU
		{64BE8C78-940D-4E62-9E25-C4FB3B5EDBE9}.Release|Any CPU.Build.0 = Release|Any CPU
		{1F37C609-2896-4312-9257-07C1D42A39AE}.Debug|Any CPU.ActiveCfg = Debug|Any CPU
		{1F37C609-2896-4312-9257-07C1D42A39AE}.Debug|Any CPU.Build.0 = Debug|Any CPU
		{1F37C609-2896-4312-9257-07C1D42A39AE}.Release|Any CPU.ActiveCfg = Release|Any CPU
		{1F37C609-2896-4312-9257-07C1D42A39AE}.Release|Any CPU.Build.0 = Release|Any CPU
		{07747FFD-A924-F4F7-7BE8-C8AEDCE1CAB3}.Debug|Any CPU.ActiveCfg = Debug|Any CPU
		{07747FFD-A924-F4F7-7BE8-C8AEDCE1CAB3}.Debug|Any CPU.Build.0 = Debug|Any CPU
		{07747FFD-A924-F4F7-7BE8-C8AEDCE1CAB3}.Release|Any CPU.ActiveCfg = Release|Any CPU
		{07747FFD-A924-F4F7-7BE8-C8AEDCE1CAB3}.Release|Any CPU.Build.0 = Release|Any CPU
		{CC69C53F-CF18-4F28-8A09-1DF523AB3A46}.Debug|Any CPU.ActiveCfg = Debug|Any CPU
		{CC69C53F-CF18-4F28-8A09-1DF523AB3A46}.Debug|Any CPU.Build.0 = Debug|Any CPU
		{CC69C53F-CF18-4F28-8A09-1DF523AB3A46}.Release|Any CPU.ActiveCfg = Release|Any CPU
		{CC69C53F-CF18-4F28-8A09-1DF523AB3A46}.Release|Any CPU.Build.0 = Release|Any CPU
	EndGlobalSection
	GlobalSection(SolutionProperties) = preSolution
		HideSolutionNode = FALSE
	EndGlobalSection
	GlobalSection(NestedProjects) = preSolution
		{FC54AD41-0C13-49F1-846E-47DDC6693AB2} = {02EA681E-C7D8-13C7-8484-4AC65E1B71E8}
		{64BE8C78-940D-4E62-9E25-C4FB3B5EDBE9} = {FC54AD41-0C13-49F1-846E-47DDC6693AB2}
		{1F37C609-2896-4312-9257-07C1D42A39AE} = {0B184482-2056-4C3C-AF6A-5E95CCA09B8C}
		{87718B60-B6AC-4C14-A69F-43434DF07075} = {0B184482-2056-4C3C-AF6A-5E95CCA09B8C}
		{07747FFD-A924-F4F7-7BE8-C8AEDCE1CAB3} = {93B47610-54E0-4372-BCE7-6FA8CD5A001C}
		{0E46B1AC-8EBC-40D5-AAF8-98C5953CEBBA} = {02EA681E-C7D8-13C7-8484-4AC65E1B71E8}
		{CC69C53F-CF18-4F28-8A09-1DF523AB3A46} = {0E46B1AC-8EBC-40D5-AAF8-98C5953CEBBA}
	EndGlobalSection
	GlobalSection(ExtensibilityGlobals) = postSolution
		SolutionGuid = {35BFEF0E-4CA8-4791-867D-2426ADCF0B98}
	EndGlobalSection
EndGlobal
